// !$*UTF8*$!
{
	archiveVersion = 1;
	classes = {
	};
	objectVersion = 60;
	objects = {

/* Begin PBXBuildFile section */
		2FAD9763203C412B000D30F8 /* config.xml in Resources */ = {isa = PBXBuildFile; fileRef = 2FAD9762203C412B000D30F8 /* config.xml */; };
		4D22ABE92AF431CB00220026 /* CapApp-SPM in Frameworks */ = {isa = PBXBuildFile; productRef = 4D22ABE82AF431CB00220026 /* CapApp-SPM */; };
		50379B232058CBB4000EE86E /* capacitor.config.json in Resources */ = {isa = PBXBuildFile; fileRef = 50379B222058CBB4000EE86E /* capacitor.config.json */; };
		504EC3081FED79650016851F /* AppDelegate.swift in Sources */ = {isa = PBXBuildFile; fileRef = 504EC3071FED79650016851F /* AppDelegate.swift */; };
		C7STU0022FED79650016851F /* DibayStartupBridgeViewController.swift in Sources */ = {isa = PBXBuildFile; fileRef = C7STU0012FED79650016851F /* DibayStartupBridgeViewController.swift */; };
		C7KBD0022FED79650016851F /* DibayWebViewKeyboardChrome.swift in Sources */ = {isa = PBXBuildFile; fileRef = C7KBD0012FED79650016851F /* DibayWebViewKeyboardChrome.swift */; };
		504EC30D1FED79650016851F /* Main.storyboard in Resources */ = {isa = PBXBuildFile; fileRef = 504EC30B1FED79650016851F /* Main.storyboard */; };
		504EC30F1FED79650016851F /* Assets.xcassets in Resources */ = {isa = PBXBuildFile; fileRef = 504EC30E1FED79650016851F /* Assets.xcassets */; };
		504EC3121FED79650016851F /* LaunchScreen.storyboard in Resources */ = {isa = PBXBuildFile; fileRef = 504EC3101FED79650016851F /* LaunchScreen.storyboard */; };
		50B271D11FEDC1A000F3C39B /* public in Resources */ = {isa = PBXBuildFile; fileRef = 50B271D01FEDC1A000F3C39B /* public */; };
		C7A1B0022FED79650016851F /* NativeAppleAuthPlugin.swift in Sources */ = {isa = PBXBuildFile; fileRef = C7A1B0012FED79650016851F /* NativeAppleAuthPlugin.swift */; };
		C7ACS0022FED79650016851F /* DibayActiveCallSessionManager.swift in Sources */ = {isa = PBXBuildFile; fileRef = C7ACS0012FED79650016851F /* DibayActiveCallSessionManager.swift */; };
		C7AGR0122AF431CB00220026 /* RtcBasic in Frameworks */ = {isa = PBXBuildFile; productRef = C7AGR0112AF431CB00220026 /* RtcBasic */; };
		C7AUD0022FED79650016851F /* DibayCallAudioSessionController.swift in Sources */ = {isa = PBXBuildFile; fileRef = C7AUD0012FED79650016851F /* DibayCallAudioSessionController.swift */; };
		C7AWK0022FED79650016851F /* ScreenAwakeBridge.swift in Sources */ = {isa = PBXBuildFile; fileRef = C7AWK0012FED79650016851F /* ScreenAwakeBridge.swift */; };
		C7B5J0022FED79650016851F /* dibay-call-lane.json in Resources */ = {isa = PBXBuildFile; fileRef = C7B5J0012FED79650016851F /* dibay-call-lane.json */; };
		C7G1G0022FED79650016851F /* NativeCallAgoraLaneGuard.swift in Sources */ = {isa = PBXBuildFile; fileRef = C7G1G0012FED79650016851F /* NativeCallAgoraLaneGuard.swift */; };
		C7KAK0022FED79650016851F /* NativeKakaoAuthPlugin.swift in Sources */ = {isa = PBXBuildFile; fileRef = C7KAK0012FED79650016851F /* NativeKakaoAuthPlugin.swift */; };
		C7KAK0122AF431CB00220026 /* KakaoSDK in Frameworks */ = {isa = PBXBuildFile; productRef = C7KAK0112AF431CB00220026 /* KakaoSDK */; };
		C7NCS0022FED79650016851F /* NativeCallServicePlugin.swift in Sources */ = {isa = PBXBuildFile; fileRef = C7NCS0012FED79650016851F /* NativeCallServicePlugin.swift */; };
		C7NVA0022FED79650016851F /* NativeVoiceCallApi.swift in Sources */ = {isa = PBXBuildFile; fileRef = C7NVA0012FED79650016851F /* NativeVoiceCallApi.swift */; };
		C7NVC0022FED79650016851F /* NativeVoiceIncomingCallCoordinator.swift in Sources */ = {isa = PBXBuildFile; fileRef = C7NVC0012FED79650016851F /* NativeVoiceIncomingCallCoordinator.swift */; };
		C7P100042FED79650016851F /* NativeVoiceCallBridge.swift in Sources */ = {isa = PBXBuildFile; fileRef = C7P1000312FED79650016851F /* NativeVoiceCallBridge.swift */; };
		C7P4O0022FED79650016851F /* NativeVoiceCallOwner.swift in Sources */ = {isa = PBXBuildFile; fileRef = C7P4O0012FED79650016851F /* NativeVoiceCallOwner.swift */; };
		C7P4C0022FED79650016851F /* NativeVoiceOutgoingCallCoordinator.swift in Sources */ = {isa = PBXBuildFile; fileRef = C7P4C0012FED79650016851F /* NativeVoiceOutgoingCallCoordinator.swift */; };
		C7RING0022FED79650016851F /* NativeOutgoingRingbackOwner.swift in Sources */ = {isa = PBXBuildFile; fileRef = C7RING0012FED79650016851F /* NativeOutgoingRingbackOwner.swift */; };
		C7NVL0022FED79650016851F /* NativeVoiceCallLane.swift in Sources */ = {isa = PBXBuildFile; fileRef = C7NVL0012FED79650016851F /* NativeVoiceCallLane.swift */; };
		C7NVU0022FED79650016851F /* NativeVoiceCallUiHost.swift in Sources */ = {isa = PBXBuildFile; fileRef = C7NVU0012FED79650016851F /* NativeVoiceCallUiHost.swift */; };
		C7NVU0122FED79650016851F /* NativeVoiceCallUiPresenter.swift in Sources */ = {isa = PBXBuildFile; fileRef = C7NVU0112FED79650016851F /* NativeVoiceCallUiPresenter.swift */; };
		C7NVU0222FED79650016851F /* NativeVoiceCallViewController.swift in Sources */ = {isa = PBXBuildFile; fileRef = C7NVU0212FED79650016851F /* NativeVoiceCallViewController.swift */; };
		C7DCL0022FED79650016851F /* DibayCallLog.swift in Sources */ = {isa = PBXBuildFile; fileRef = C7DCL0012FED79650016851F /* DibayCallLog.swift */; };
		C7DEV0022FED79650016851F /* DibayCanonicalDeviceIdStore.swift in Sources */ = {isa = PBXBuildFile; fileRef = C7DEV0012FED79650016851F /* DibayCanonicalDeviceIdStore.swift */; };
		C7MIC0022FED79650016851F /* DibayVoiceMicrophonePermission.swift in Sources */ = {isa = PBXBuildFile; fileRef = C7MIC0012FED79650016851F /* DibayVoiceMicrophonePermission.swift */; };
		C7VID0C22FED79650016851F /* DibayVideoMediaPermission.swift in Sources */ = {isa = PBXBuildFile; fileRef = C7VID0C12FED79650016851F /* DibayVideoMediaPermission.swift */; };
		C7NVE0022FED79650016851F /* NativeVoiceCallAgoraEngine.swift in Sources */ = {isa = PBXBuildFile; fileRef = C7NVE0012FED79650016851F /* NativeVoiceCallAgoraEngine.swift */; };
		C7NVR0022FED79650016851F /* NativeVoiceCallRuntimeState.swift in Sources */ = {isa = PBXBuildFile; fileRef = C7NVR0012FED79650016851F /* NativeVoiceCallRuntimeState.swift */; };
		C7NVR0122FED79650016851F /* NativeVoiceCallRuntime.swift in Sources */ = {isa = PBXBuildFile; fileRef = C7NVR0112FED79650016851F /* NativeVoiceCallRuntime.swift */; };
		C7OWN0022FED79650016851F /* CallV4SurfaceOwnerBridge.swift in Sources */ = {isa = PBXBuildFile; fileRef = C7OWN0012FED79650016851F /* CallV4SurfaceOwnerBridge.swift */; };
		C7PUSH0022FED79650016851F /* VoIPPushRegistry.swift in Sources */ = {isa = PBXBuildFile; fileRef = C7PUSH0012FED79650016851F /* VoIPPushRegistry.swift */; };
		C7PUSH0122FED79650016851F /* CallKitProvider.swift in Sources */ = {isa = PBXBuildFile; fileRef = C7PUSH0112FED79650016851F /* CallKitProvider.swift */; };
		C7PUSH0222FED79650016851F /* DibayPushTokenBridge.swift in Sources */ = {isa = PBXBuildFile; fileRef = C7PUSH0212FED79650016851F /* DibayPushTokenBridge.swift */; };
		C7VID0022FED79650016851F /* NativeVideoCallRuntimeState.swift in Sources */ = {isa = PBXBuildFile; fileRef = C7VID0012FED79650016851F /* NativeVideoCallRuntimeState.swift */; };
		C7VID0122FED79650016851F /* NativeVideoCallOwner.swift in Sources */ = {isa = PBXBuildFile; fileRef = C7VID0112FED79650016851F /* NativeVideoCallOwner.swift */; };
		C7VID0222FED79650016851F /* NativeVideoCallLog.swift in Sources */ = {isa = PBXBuildFile; fileRef = C7VID0212FED79650016851F /* NativeVideoCallLog.swift */; };
		C7VID0322FED79650016851F /* NativeVideoCallApi.swift in Sources */ = {isa = PBXBuildFile; fileRef = C7VID0312FED79650016851F /* NativeVideoCallApi.swift */; };
		C7VID0422FED79650016851F /* NativeVideoCallRuntime.swift in Sources */ = {isa = PBXBuildFile; fileRef = C7VID0412FED79650016851F /* NativeVideoCallRuntime.swift */; };
		C7VID0522FED79650016851F /* NativeVideoCallAgoraEngine.swift in Sources */ = {isa = PBXBuildFile; fileRef = C7VID0512FED79650016851F /* NativeVideoCallAgoraEngine.swift */; };
		C7VID0622FED79650016851F /* NativeVideoIncomingCallCoordinator.swift in Sources */ = {isa = PBXBuildFile; fileRef = C7VID0612FED79650016851F /* NativeVideoIncomingCallCoordinator.swift */; };
		C7VID0D22FED79650016851F /* NativeVideoOutgoingCallCoordinator.swift in Sources */ = {isa = PBXBuildFile; fileRef = C7VID0D12FED79650016851F /* NativeVideoOutgoingCallCoordinator.swift */; };
		C7VID0722FED79650016851F /* NativeVideoCallUiPresenter.swift in Sources */ = {isa = PBXBuildFile; fileRef = C7VID0712FED79650016851F /* NativeVideoCallUiPresenter.swift */; };
		C7VID0822FED79650016851F /* NativeVideoCallUiHost.swift in Sources */ = {isa = PBXBuildFile; fileRef = C7VID0812FED79650016851F /* NativeVideoCallUiHost.swift */; };
		C7VID0922FED79650016851F /* NativeVideoCallViewController.swift in Sources */ = {isa = PBXBuildFile; fileRef = C7VID0912FED79650016851F /* NativeVideoCallViewController.swift */; };
		C7VID0A22FED79650016851F /* NativeVideoCallPipPresenter.swift in Sources */ = {isa = PBXBuildFile; fileRef = C7VID0A12FED79650016851F /* NativeVideoCallPipPresenter.swift */; };
		C7VID0B22FED79650016851F /* NativeVideoCallBridge.swift in Sources */ = {isa = PBXBuildFile; fileRef = C7VID0B12FED79650016851F /* NativeVideoCallBridge.swift */; };
		C7PIP0022FED79650016851F /* DibayCallPipPlugin.swift in Sources */ = {isa = PBXBuildFile; fileRef = C7PIP0012FED79650016851F /* DibayCallPipPlugin.swift */; };
		C7VOIP0022FED79650016851F /* DibayVoipCallPlugin.swift in Sources */ = {isa = PBXBuildFile; fileRef = C7VOIP0012FED79650016851F /* DibayVoipCallPlugin.swift */; };
		C7AID0022FED79650016851F /* DibayAppIconDeliveryAdapter.swift in Sources */ = {isa = PBXBuildFile; fileRef = C7AID0012FED79650016851F /* DibayAppIconDeliveryAdapter.swift */; };
		C7AID0122FED79650016851F /* DibayAppIconDeliveryPlugin.swift in Sources */ = {isa = PBXBuildFile; fileRef = C7AID0112FED79650016851F /* DibayAppIconDeliveryPlugin.swift */; };
/* End PBXBuildFile section */

/* Begin PBXFileReference section */
		2FAD9762203C412B000D30F8 /* config.xml */ = {isa = PBXFileReference; lastKnownFileType = text.xml; path = config.xml; sourceTree = "<group>"; };
		50379B222058CBB4000EE86E /* capacitor.config.json */ = {isa = PBXFileReference; fileEncoding = 4; lastKnownFileType = text.json; path = capacitor.config.json; sourceTree = "<group>"; };
		504EC3041FED79650016851F /* App.app */ = {isa = PBXFileReference; explicitFileType = wrapper.application; includeInIndex = 0; path = App.app; sourceTree = BUILT_PRODUCTS_DIR; };
		504EC3071FED79650016851F /* AppDelegate.swift */ = {isa = PBXFileReference; lastKnownFileType = sourcecode.swift; path = AppDelegate.swift; sourceTree = "<group>"; };
		C7STU0012FED79650016851F /* DibayStartupBridgeViewController.swift */ = {isa = PBXFileReference; lastKnownFileType = sourcecode.swift; path = DibayStartupBridgeViewController.swift; sourceTree = "<group>"; };
		C7KBD0012FED79650016851F /* DibayWebViewKeyboardChrome.swift */ = {isa = PBXFileReference; lastKnownFileType = sourcecode.swift; path = DibayWebViewKeyboardChrome.swift; sourceTree = "<group>"; };
		504EC30C1FED79650016851F /* Base */ = {isa = PBXFileReference; lastKnownFileType = file.storyboard; name = Base; path = Base.lproj/Main.storyboard; sourceTree = "<group>"; };
		504EC30E1FED79650016851F /* Assets.xcassets */ = {isa = PBXFileReference; lastKnownFileType = folder.assetcatalog; path = Assets.xcassets; sourceTree = "<group>"; };
		504EC3111FED79650016851F /* Base */ = {isa = PBXFileReference; lastKnownFileType = file.storyboard; name = Base; path = Base.lproj/LaunchScreen.storyboard; sourceTree = "<group>"; };
		504EC3131FED79650016851F /* Info.plist */ = {isa = PBXFileReference; lastKnownFileType = text.plist.xml; path = Info.plist; sourceTree = "<group>"; };
		50B271D01FEDC1A000F3C39B /* public */ = {isa = PBXFileReference; lastKnownFileType = folder; path = public; sourceTree = "<group>"; };
		958DCC722DB07C7200EA8C5F /* debug.xcconfig */ = {isa = PBXFileReference; lastKnownFileType = text.xcconfig; name = debug.xcconfig; path = ../debug.xcconfig; sourceTree = SOURCE_ROOT; };
		C7A1B0012FED79650016851F /* NativeAppleAuthPlugin.swift */ = {isa = PBXFileReference; lastKnownFileType = sourcecode.swift; path = NativeAppleAuthPlugin.swift; sourceTree = "<group>"; };
		C7A1B0042FED79650016851F /* App.entitlements */ = {isa = PBXFileReference; lastKnownFileType = text.plist.entitlements; path = App.entitlements; sourceTree = "<group>"; };
		C7ACS0012FED79650016851F /* DibayActiveCallSessionManager.swift */ = {isa = PBXFileReference; lastKnownFileType = sourcecode.swift; path = DibayActiveCallSessionManager.swift; sourceTree = "<group>"; };
		C7AUD0012FED79650016851F /* DibayCallAudioSessionController.swift */ = {isa = PBXFileReference; lastKnownFileType = sourcecode.swift; path = DibayCallAudioSessionController.swift; sourceTree = "<group>"; };
		C7AWK0012FED79650016851F /* ScreenAwakeBridge.swift */ = {isa = PBXFileReference; lastKnownFileType = sourcecode.swift; path = ScreenAwakeBridge.swift; sourceTree = "<group>"; };
		C7B5J0012FED79650016851F /* dibay-call-lane.json */ = {isa = PBXFileReference; lastKnownFileType = text.json; path = "dibay-call-lane.json"; sourceTree = "<group>"; };
		C7G1G0012FED79650016851F /* NativeCallAgoraLaneGuard.swift */ = {isa = PBXFileReference; lastKnownFileType = sourcecode.swift; path = NativeCallAgoraLaneGuard.swift; sourceTree = "<group>"; };
		C7KAK0012FED79650016851F /* NativeKakaoAuthPlugin.swift */ = {isa = PBXFileReference; lastKnownFileType = sourcecode.swift; path = NativeKakaoAuthPlugin.swift; sourceTree = "<group>"; };
		C7KAK0202AAA248700AAC8A2 /* release.xcconfig */ = {isa = PBXFileReference; lastKnownFileType = text.xcconfig; name = release.xcconfig; path = ../release.xcconfig; sourceTree = SOURCE_ROOT; };
		C7NCS0012FED79650016851F /* NativeCallServicePlugin.swift */ = {isa = PBXFileReference; lastKnownFileType = sourcecode.swift; path = NativeCallServicePlugin.swift; sourceTree = "<group>"; };
		C7NVA0012FED79650016851F /* NativeVoiceCallApi.swift */ = {isa = PBXFileReference; lastKnownFileType = sourcecode.swift; path = NativeVoiceCallApi.swift; sourceTree = "<group>"; };
		C7NVC0012FED79650016851F /* NativeVoiceIncomingCallCoordinator.swift */ = {isa = PBXFileReference; lastKnownFileType = sourcecode.swift; path = NativeVoiceIncomingCallCoordinator.swift; sourceTree = "<group>"; };
		C7P1000312FED79650016851F /* NativeVoiceCallBridge.swift */ = {isa = PBXFileReference; lastKnownFileType = sourcecode.swift; path = NativeVoiceCallBridge.swift; sourceTree = "<group>"; };
		C7P4O0012FED79650016851F /* NativeVoiceCallOwner.swift */ = {isa = PBXFileReference; lastKnownFileType = sourcecode.swift; path = NativeVoiceCallOwner.swift; sourceTree = "<group>"; };
		C7P4C0012FED79650016851F /* NativeVoiceOutgoingCallCoordinator.swift */ = {isa = PBXFileReference; lastKnownFileType = sourcecode.swift; path = NativeVoiceOutgoingCallCoordinator.swift; sourceTree = "<group>"; };
		C7RING0012FED79650016851F /* NativeOutgoingRingbackOwner.swift */ = {isa = PBXFileReference; lastKnownFileType = sourcecode.swift; path = NativeOutgoingRingbackOwner.swift; sourceTree = "<group>"; };
		C7NVL0012FED79650016851F /* NativeVoiceCallLane.swift */ = {isa = PBXFileReference; lastKnownFileType = sourcecode.swift; path = NativeVoiceCallLane.swift; sourceTree = "<group>"; };
		C7NVU0012FED79650016851F /* NativeVoiceCallUiHost.swift */ = {isa = PBXFileReference; lastKnownFileType = sourcecode.swift; path = NativeVoiceCallUiHost.swift; sourceTree = "<group>"; };
		C7NVU0112FED79650016851F /* NativeVoiceCallUiPresenter.swift */ = {isa = PBXFileReference; lastKnownFileType = sourcecode.swift; path = NativeVoiceCallUiPresenter.swift; sourceTree = "<group>"; };
		C7NVU0212FED79650016851F /* NativeVoiceCallViewController.swift */ = {isa = PBXFileReference; lastKnownFileType = sourcecode.swift; path = NativeVoiceCallViewController.swift; sourceTree = "<group>"; };
		C7DCL0012FED79650016851F /* DibayCallLog.swift */ = {isa = PBXFileReference; lastKnownFileType = sourcecode.swift; path = DibayCallLog.swift; sourceTree = "<group>"; };
		C7DEV0012FED79650016851F /* DibayCanonicalDeviceIdStore.swift */ = {isa = PBXFileReference; lastKnownFileType = sourcecode.swift; path = DibayCanonicalDeviceIdStore.swift; sourceTree = "<group>"; };
		C7MIC0012FED79650016851F /* DibayVoiceMicrophonePermission.swift */ = {isa = PBXFileReference; lastKnownFileType = sourcecode.swift; path = DibayVoiceMicrophonePermission.swift; sourceTree = "<group>"; };
		C7VID0C12FED79650016851F /* DibayVideoMediaPermission.swift */ = {isa = PBXFileReference; lastKnownFileType = sourcecode.swift; path = DibayVideoMediaPermission.swift; sourceTree = "<group>"; };
		C7NVE0012FED79650016851F /* NativeVoiceCallAgoraEngine.swift */ = {isa = PBXFileReference; lastKnownFileType = sourcecode.swift; path = NativeVoiceCallAgoraEngine.swift; sourceTree = "<group>"; };
		C7NVR0012FED79650016851F /* NativeVoiceCallRuntimeState.swift */ = {isa = PBXFileReference; lastKnownFileType = sourcecode.swift; path = NativeVoiceCallRuntimeState.swift; sourceTree = "<group>"; };
		C7NVR0112FED79650016851F /* NativeVoiceCallRuntime.swift */ = {isa = PBXFileReference; lastKnownFileType = sourcecode.swift; path = NativeVoiceCallRuntime.swift; sourceTree = "<group>"; };
		C7OWN0012FED79650016851F /* CallV4SurfaceOwnerBridge.swift */ = {isa = PBXFileReference; lastKnownFileType = sourcecode.swift; path = CallV4SurfaceOwnerBridge.swift; sourceTree = "<group>"; };
		C7PUSH0012FED79650016851F /* VoIPPushRegistry.swift */ = {isa = PBXFileReference; lastKnownFileType = sourcecode.swift; path = VoIPPushRegistry.swift; sourceTree = "<group>"; };
		C7PUSH0112FED79650016851F /* CallKitProvider.swift */ = {isa = PBXFileReference; lastKnownFileType = sourcecode.swift; path = CallKitProvider.swift; sourceTree = "<group>"; };
		C7PUSH0212FED79650016851F /* DibayPushTokenBridge.swift */ = {isa = PBXFileReference; lastKnownFileType = sourcecode.swift; path = DibayPushTokenBridge.swift; sourceTree = "<group>"; };
		C7VID0012FED79650016851F /* NativeVideoCallRuntimeState.swift */ = {isa = PBXFileReference; lastKnownFileType = sourcecode.swift; path = NativeVideoCallRuntimeState.swift; sourceTree = "<group>"; };
		C7VID0112FED79650016851F /* NativeVideoCallOwner.swift */ = {isa = PBXFileReference; lastKnownFileType = sourcecode.swift; path = NativeVideoCallOwner.swift; sourceTree = "<group>"; };
		C7VID0212FED79650016851F /* NativeVideoCallLog.swift */ = {isa = PBXFileReference; lastKnownFileType = sourcecode.swift; path = NativeVideoCallLog.swift; sourceTree = "<group>"; };
		C7VID0312FED79650016851F /* NativeVideoCallApi.swift */ = {isa = PBXFileReference; lastKnownFileType = sourcecode.swift; path = NativeVideoCallApi.swift; sourceTree = "<group>"; };
		C7VID0412FED79650016851F /* NativeVideoCallRuntime.swift */ = {isa = PBXFileReference; lastKnownFileType = sourcecode.swift; path = NativeVideoCallRuntime.swift; sourceTree = "<group>"; };
		C7VID0512FED79650016851F /* NativeVideoCallAgoraEngine.swift */ = {isa = PBXFileReference; lastKnownFileType = sourcecode.swift; path = NativeVideoCallAgoraEngine.swift; sourceTree = "<group>"; };
		C7VID0612FED79650016851F /* NativeVideoIncomingCallCoordinator.swift */ = {isa = PBXFileReference; lastKnownFileType = sourcecode.swift; path = NativeVideoIncomingCallCoordinator.swift; sourceTree = "<group>"; };
		C7VID0D12FED79650016851F /* NativeVideoOutgoingCallCoordinator.swift */ = {isa = PBXFileReference; lastKnownFileType = sourcecode.swift; path = NativeVideoOutgoingCallCoordinator.swift; sourceTree = "<group>"; };
		C7VID0712FED79650016851F /* NativeVideoCallUiPresenter.swift */ = {isa = PBXFileReference; lastKnownFileType = sourcecode.swift; path = NativeVideoCallUiPresenter.swift; sourceTree = "<group>"; };
		C7VID0812FED79650016851F /* NativeVideoCallUiHost.swift */ = {isa = PBXFileReference; lastKnownFileType = sourcecode.swift; path = NativeVideoCallUiHost.swift; sourceTree = "<group>"; };
		C7VID0912FED79650016851F /* NativeVideoCallViewController.swift */ = {isa = PBXFileReference; lastKnownFileType = sourcecode.swift; path = NativeVideoCallViewController.swift; sourceTree = "<group>"; };
		C7VID0A12FED79650016851F /* NativeVideoCallPipPresenter.swift */ = {isa = PBXFileReference; lastKnownFileType = sourcecode.swift; path = NativeVideoCallPipPresenter.swift; sourceTree = "<group>"; };
		C7VID0B12FED79650016851F /* NativeVideoCallBridge.swift */ = {isa = PBXFileReference; lastKnownFileType = sourcecode.swift; path = NativeVideoCallBridge.swift; sourceTree = "<group>"; };
		C7PIP0012FED79650016851F /* DibayCallPipPlugin.swift */ = {isa = PBXFileReference; lastKnownFileType = sourcecode.swift; path = DibayCallPipPlugin.swift; sourceTree = "<group>"; };
		C7VOIP0012FED79650016851F /* DibayVoipCallPlugin.swift */ = {isa = PBXFileReference; lastKnownFileType = sourcecode.swift; path = DibayVoipCallPlugin.swift; sourceTree = "<group>"; };
		C7AID0012FED79650016851F /* DibayAppIconDeliveryAdapter.swift */ = {isa = PBXFileReference; lastKnownFileType = sourcecode.swift; path = DibayAppIconDeliveryAdapter.swift; sourceTree = "<group>"; };
		C7AID0112FED79650016851F /* DibayAppIconDeliveryPlugin.swift */ = {isa = PBXFileReference; lastKnownFileType = sourcecode.swift; path = DibayAppIconDeliveryPlugin.swift; sourceTree = "<group>"; };
/* End PBXFileReference section */

/* Begin PBXFrameworksBuildPhase section */
		504EC3011FED79650016851F /* Frameworks */ = {
			isa = PBXFrameworksBuildPhase;
			buildActionMask = 2147483647;
			files = (
				4D22ABE92AF431CB00220026 /* CapApp-SPM in Frameworks */,
				C7KAK0122AF431CB00220026 /* KakaoSDK in Frameworks */,
				C7AGR0122AF431CB00220026 /* RtcBasic in Frameworks */,
			);
			runOnlyForDeploymentPostprocessing = 0;
		};
/* End PBXFrameworksBuildPhase section */

/* Begin PBXGroup section */
		504EC2FB1FED79650016851F = {
			isa = PBXGroup;
			children = (
				958DCC722DB07C7200EA8C5F /* debug.xcconfig */,
				504EC3061FED79650016851F /* App */,
				504EC3051FED79650016851F /* Products */,
				ACAA3FB4300124E100C355C7 /* Recovered References */,
			);
			sourceTree = "<group>";
		};
		504EC3051FED79650016851F /* Products */ = {
			isa = PBXGroup;
			children = (
				504EC3041FED79650016851F /* App.app */,
			);
			name = Products;
			sourceTree = "<group>";
		};
		504EC3061FED79650016851F /* App */ = {
			isa = PBXGroup;
			children = (
				50379B222058CBB4000EE86E /* capacitor.config.json */,
				C7B5J0012FED79650016851F /* dibay-call-lane.json */,
				504EC3071FED79650016851F /* AppDelegate.swift */,
				C7STU0012FED79650016851F /* DibayStartupBridgeViewController.swift */,
				C7KBD0012FED79650016851F /* DibayWebViewKeyboardChrome.swift */,
				C7PIP0012FED79650016851F /* DibayCallPipPlugin.swift */,
				C7PUSH0032FED79650016851F /* Push */,
				C7ACS0032FED79650016851F /* Call */,
				C7A1B0032FED79650016851F /* Plugins */,
				C7A1B0042FED79650016851F /* App.entitlements */,
				504EC30B1FED79650016851F /* Main.storyboard */,
				504EC30E1FED79650016851F /* Assets.xcassets */,
				504EC3101FED79650016851F /* LaunchScreen.storyboard */,
				504EC3131FED79650016851F /* Info.plist */,
				2FAD9762203C412B000D30F8 /* config.xml */,
				50B271D01FEDC1A000F3C39B /* public */,
			);
			path = App;
			sourceTree = "<group>";
		};
		ACAA3FB4300124E100C355C7 /* Recovered References */ = {
			isa = PBXGroup;
			children = (
				C7KAK0202AAA248700AAC8A2 /* release.xcconfig */,
			);
			name = "Recovered References";
			sourceTree = "<group>";
		};
		C7A1B0032FED79650016851F /* Plugins */ = {
			isa = PBXGroup;
			children = (
				C7A1B0012FED79650016851F /* NativeAppleAuthPlugin.swift */,
				C7VOIP0012FED79650016851F /* DibayVoipCallPlugin.swift */,
				C7NCS0012FED79650016851F /* NativeCallServicePlugin.swift */,
				C7KAK0012FED79650016851F /* NativeKakaoAuthPlugin.swift */,
				C7AID0012FED79650016851F /* DibayAppIconDeliveryAdapter.swift */,
				C7AID0112FED79650016851F /* DibayAppIconDeliveryPlugin.swift */,
			);
			path = Plugins;
			sourceTree = "<group>";
		};
		C7ACS0032FED79650016851F /* Call */ = {
			isa = PBXGroup;
			children = (
				C7G1G0012FED79650016851F /* NativeCallAgoraLaneGuard.swift */,
				C7NVL0012FED79650016851F /* NativeVoiceCallLane.swift */,
				C7ACS0012FED79650016851F /* DibayActiveCallSessionManager.swift */,
				C7AUD0012FED79650016851F /* DibayCallAudioSessionController.swift */,
				C7AWK0012FED79650016851F /* ScreenAwakeBridge.swift */,
				C7NVR0012FED79650016851F /* NativeVoiceCallRuntimeState.swift */,
				C7NVR0112FED79650016851F /* NativeVoiceCallRuntime.swift */,
				C7NVA0012FED79650016851F /* NativeVoiceCallApi.swift */,
				C7NVE0012FED79650016851F /* NativeVoiceCallAgoraEngine.swift */,
				C7NVC0012FED79650016851F /* NativeVoiceIncomingCallCoordinator.swift */,
				C7P4C0012FED79650016851F /* NativeVoiceOutgoingCallCoordinator.swift */,
				C7RING0012FED79650016851F /* NativeOutgoingRingbackOwner.swift */,
				C7P1000312FED79650016851F /* NativeVoiceCallBridge.swift */,
				C7P4O0012FED79650016851F /* NativeVoiceCallOwner.swift */,
				C7NVU0012FED79650016851F /* NativeVoiceCallUiHost.swift */,
				C7NVU0112FED79650016851F /* NativeVoiceCallUiPresenter.swift */,
				C7NVU0212FED79650016851F /* NativeVoiceCallViewController.swift */,
				C7DCL0012FED79650016851F /* DibayCallLog.swift */,
				C7DEV0012FED79650016851F /* DibayCanonicalDeviceIdStore.swift */,
				C7MIC0012FED79650016851F /* DibayVoiceMicrophonePermission.swift */,
				C7VID0C12FED79650016851F /* DibayVideoMediaPermission.swift */,
				C7VID0032FED79650016851F /* Video */,
			);
			path = Call;
			sourceTree = "<group>";
		};
		C7PUSH0032FED79650016851F /* Push */ = {
			isa = PBXGroup;
			children = (
				C7PUSH0012FED79650016851F /* VoIPPushRegistry.swift */,
				C7PUSH0112FED79650016851F /* CallKitProvider.swift */,
				C7PUSH0212FED79650016851F /* DibayPushTokenBridge.swift */,
				C7OWN0012FED79650016851F /* CallV4SurfaceOwnerBridge.swift */,
			);
			path = Push;
			sourceTree = "<group>";
		};
		C7VID0032FED79650016851F /* Video */ = {
			isa = PBXGroup;
			children = (
				C7VID0012FED79650016851F /* NativeVideoCallRuntimeState.swift */,
				C7VID0112FED79650016851F /* NativeVideoCallOwner.swift */,
				C7VID0212FED79650016851F /* NativeVideoCallLog.swift */,
				C7VID0312FED79650016851F /* NativeVideoCallApi.swift */,
				C7VID0412FED79650016851F /* NativeVideoCallRuntime.swift */,
				C7VID0512FED79650016851F /* NativeVideoCallAgoraEngine.swift */,
				C7VID0612FED79650016851F /* NativeVideoIncomingCallCoordinator.swift */,
				C7VID0D12FED79650016851F /* NativeVideoOutgoingCallCoordinator.swift */,
				C7VID0712FED79650016851F /* NativeVideoCallUiPresenter.swift */,
				C7VID0812FED79650016851F /* NativeVideoCallUiHost.swift */,
				C7VID0912FED79650016851F /* NativeVideoCallViewController.swift */,
				C7VID0A12FED79650016851F /* NativeVideoCallPipPresenter.swift */,
				C7VID0B12FED79650016851F /* NativeVideoCallBridge.swift */,
			);
			path = Video;
			sourceTree = "<group>";
		};
/* End PBXGroup section */

/* Begin PBXNativeTarget section */
		504EC3031FED79650016851F /* App */ = {
			isa = PBXNativeTarget;
			buildConfigurationList = 504EC3161FED79650016851F /* Build configuration list for PBXNativeTarget "App" */;
			buildPhases = (
				504EC3001FED79650016851F /* Sources */,
				504EC3011FED79650016851F /* Frameworks */,
				504EC3021FED79650016851F /* Resources */,
			);
			buildRules = (
			);
			dependencies = (
			);
			name = App;
			packageProductDependencies = (
				4D22ABE82AF431CB00220026 /* CapApp-SPM */,
				C7KAK0112AF431CB00220026 /* KakaoSDK */,
				C7AGR0112AF431CB00220026 /* RtcBasic */,
			);
			productName = App;
			productReference = 504EC3041FED79650016851F /* App.app */;
			productType = "com.apple.product-type.application";
		};
/* End PBXNativeTarget section */

/* Begin PBXProject section */
		504EC2FC1FED79650016851F /* Project object */ = {
			isa = PBXProject;
			attributes = {
				LastSwiftUpdateCheck = 920;
				LastUpgradeCheck = 920;
				TargetAttributes = {
					504EC3031FED79650016851F = {
						CreatedOnToolsVersion = 9.2;
						LastSwiftMigration = 1100;
						ProvisioningStyle = Automatic;
					};
				};
			};
			buildConfigurationList = 504EC2FF1FED79650016851F /* Build configuration list for PBXProject "App" */;
			compatibilityVersion = "Xcode 8.0";
			developmentRegion = en;
			hasScannedForEncodings = 0;
			knownRegions = (
				en,
				Base,
			);
			mainGroup = 504EC2FB1FED79650016851F;
			packageReferences = (
				D4C12C0A2AAA248700AAC8A2 /* XCLocalSwiftPackageReference "CapApp-SPM" */,
				C7KAK0102AAA248700AAC8A2 /* XCRemoteSwiftPackageReference "kakao-ios-sdk" */,
				C7AGR0102AAA248700AAC8A2 /* XCRemoteSwiftPackageReference "AgoraRtcEngine_iOS" */,
			);
			productRefGroup = 504EC3051FED79650016851F /* Products */;
			projectDirPath = "";
			projectRoot = "";
			targets = (
				504EC3031FED79650016851F /* App */,
			);
		};
/* End PBXProject section */

/* Begin PBXResourcesBuildPhase section */
		504EC3021FED79650016851F /* Resources */ = {
			isa = PBXResourcesBuildPhase;
			buildActionMask = 2147483647;
			files = (
				504EC3121FED79650016851F /* LaunchScreen.storyboard in Resources */,
				50B271D11FEDC1A000F3C39B /* public in Resources */,
				504EC30F1FED79650016851F /* Assets.xcassets in Resources */,
				50379B232058CBB4000EE86E /* capacitor.config.json in Resources */,
				C7B5J0022FED79650016851F /* dibay-call-lane.json in Resources */,
				504EC30D1FED79650016851F /* Main.storyboard in Resources */,
				2FAD9763203C412B000D30F8 /* config.xml in Resources */,
			);
			runOnlyForDeploymentPostprocessing = 0;
		};
/* End PBXResourcesBuildPhase section */

/* Begin PBXSourcesBuildPhase section */
		504EC3001FED79650016851F /* Sources */ = {
			isa = PBXSourcesBuildPhase;
			buildActionMask = 2147483647;
			files = (
				504EC3081FED79650016851F /* AppDelegate.swift in Sources */,
				C7STU0022FED79650016851F /* DibayStartupBridgeViewController.swift in Sources */,
				C7KBD0022FED79650016851F /* DibayWebViewKeyboardChrome.swift in Sources */,
				C7PUSH0022FED79650016851F /* VoIPPushRegistry.swift in Sources */,
				C7PUSH0122FED79650016851F /* CallKitProvider.swift in Sources */,
				C7PUSH0222FED79650016851F /* DibayPushTokenBridge.swift in Sources */,
				C7OWN0022FED79650016851F /* CallV4SurfaceOwnerBridge.swift in Sources */,
				C7A1B0022FED79650016851F /* NativeAppleAuthPlugin.swift in Sources */,
				C7VOIP0022FED79650016851F /* DibayVoipCallPlugin.swift in Sources */,
				C7NCS0022FED79650016851F /* NativeCallServicePlugin.swift in Sources */,
				C7ACS0022FED79650016851F /* DibayActiveCallSessionManager.swift in Sources */,
				C7AUD0022FED79650016851F /* DibayCallAudioSessionController.swift in Sources */,
				C7AWK0022FED79650016851F /* ScreenAwakeBridge.swift in Sources */,
				C7NVR0022FED79650016851F /* NativeVoiceCallRuntimeState.swift in Sources */,
				C7NVR0122FED79650016851F /* NativeVoiceCallRuntime.swift in Sources */,
				C7NVA0022FED79650016851F /* NativeVoiceCallApi.swift in Sources */,
				C7G1G0022FED79650016851F /* NativeCallAgoraLaneGuard.swift in Sources */,
				C7NVE0022FED79650016851F /* NativeVoiceCallAgoraEngine.swift in Sources */,
				C7NVC0022FED79650016851F /* NativeVoiceIncomingCallCoordinator.swift in Sources */,
				C7P4C0022FED79650016851F /* NativeVoiceOutgoingCallCoordinator.swift in Sources */,
				C7RING0022FED79650016851F /* NativeOutgoingRingbackOwner.swift in Sources */,
				C7P100042FED79650016851F /* NativeVoiceCallBridge.swift in Sources */,
				C7P4O0022FED79650016851F /* NativeVoiceCallOwner.swift in Sources */,
				C7NVL0022FED79650016851F /* NativeVoiceCallLane.swift in Sources */,
				C7NVU0022FED79650016851F /* NativeVoiceCallUiHost.swift in Sources */,
				C7NVU0122FED79650016851F /* NativeVoiceCallUiPresenter.swift in Sources */,
				C7NVU0222FED79650016851F /* NativeVoiceCallViewController.swift in Sources */,
				C7DCL0022FED79650016851F /* DibayCallLog.swift in Sources */,
				C7DEV0022FED79650016851F /* DibayCanonicalDeviceIdStore.swift in Sources */,
				C7MIC0022FED79650016851F /* DibayVoiceMicrophonePermission.swift in Sources */,
				C7VID0C22FED79650016851F /* DibayVideoMediaPermission.swift in Sources */,
				C7VID0022FED79650016851F /* NativeVideoCallRuntimeState.swift in Sources */,
				C7VID0122FED79650016851F /* NativeVideoCallOwner.swift in Sources */,
				C7VID0222FED79650016851F /* NativeVideoCallLog.swift in Sources */,
				C7VID0322FED79650016851F /* NativeVideoCallApi.swift in Sources */,
				C7VID0422FED79650016851F /* NativeVideoCallRuntime.swift in Sources */,
				C7VID0522FED79650016851F /* NativeVideoCallAgoraEngine.swift in Sources */,
				C7VID0622FED79650016851F /* NativeVideoIncomingCallCoordinator.swift in Sources */,
				C7VID0D22FED79650016851F /* NativeVideoOutgoingCallCoordinator.swift in Sources */,
				C7VID0722FED79650016851F /* NativeVideoCallUiPresenter.swift in Sources */,
				C7VID0822FED79650016851F /* NativeVideoCallUiHost.swift in Sources */,
				C7VID0922FED79650016851F /* NativeVideoCallViewController.swift in Sources */,
				C7VID0A22FED79650016851F /* NativeVideoCallPipPresenter.swift in Sources */,
				C7VID0B22FED79650016851F /* NativeVideoCallBridge.swift in Sources */,
				C7PIP0022FED79650016851F /* DibayCallPipPlugin.swift in Sources */,
				C7KAK0022FED79650016851F /* NativeKakaoAuthPlugin.swift in Sources */,
				C7AID0022FED79650016851F /* DibayAppIconDeliveryAdapter.swift in Sources */,
				C7AID0122FED79650016851F /* DibayAppIconDeliveryPlugin.swift in Sources */,
			);
			runOnlyForDeploymentPostprocessing = 0;
		};
/* End PBXSourcesBuildPhase section */

/* Begin PBXVariantGroup section */
		504EC30B1FED79650016851F /* Main.storyboard */ = {
			isa = PBXVariantGroup;
			children = (
				504EC30C1FED79650016851F /* Base */,
			);
			name = Main.storyboard;
			sourceTree = "<group>";
		};
		504EC3101FED79650016851F /* LaunchScreen.storyboard */ = {
			isa = PBXVariantGroup;
			children = (
				504EC3111FED79650016851F /* Base */,
			);
			name = LaunchScreen.storyboard;
			sourceTree = "<group>";
		};
/* End PBXVariantGroup section */

/* Begin XCBuildConfiguration section */
		504EC3141FED79650016851F /* Debug */ = {
			isa = XCBuildConfiguration;
			baseConfigurationReference = 958DCC722DB07C7200EA8C5F /* debug.xcconfig */;
			buildSettings = {
				ALWAYS_SEARCH_USER_PATHS = NO;
				CLANG_ANALYZER_NONNULL = YES;
				CLANG_ANALYZER_NUMBER_OBJECT_CONVERSION = YES_AGGRESSIVE;
				CLANG_CXX_LANGUAGE_STANDARD = "gnu++14";
				CLANG_CXX_LIBRARY = "libc++";
				CLANG_ENABLE_MODULES = YES;
				CLANG_ENABLE_OBJC_ARC = YES;
				CLANG_WARN_BLOCK_CAPTURE_AUTORELEASING = YES;
				CLANG_WARN_BOOL_CONVERSION = YES;
				CLANG_WARN_COMMA = YES;
				CLANG_WARN_CONSTANT_CONVERSION = YES;
				CLANG_WARN_DIRECT_OBJC_ISA_USAGE = YES_ERROR;
				CLANG_WARN_DOCUMENTATION_COMMENTS = YES;
				CLANG_WARN_EMPTY_BODY = YES;
				CLANG_WARN_ENUM_CONVERSION = YES;
				CLANG_WARN_INFINITE_RECURSION = YES;
				CLANG_WARN_INT_CONVERSION = YES;
				CLANG_WARN_NON_LITERAL_NULL_CONVERSION = YES;
				CLANG_WARN_OBJC_LITERAL_CONVERSION = YES;
				CLANG_WARN_OBJC_ROOT_CLASS = YES_ERROR;
				CLANG_WARN_RANGE_LOOP_ANALYSIS = YES;
				CLANG_WARN_STRICT_PROTOTYPES = YES;
				CLANG_WARN_SUSPICIOUS_MOVE = YES;
				CLANG_WARN_UNGUARDED_AVAILABILITY = YES_AGGRESSIVE;
				CLANG_WARN_UNREACHABLE_CODE = YES;
				CLANG_WARN__DUPLICATE_METHOD_MATCH = YES;
				CODE_SIGN_IDENTITY = "iPhone Developer";
				COPY_PHASE_STRIP = NO;
				DEBUG_INFORMATION_FORMAT = dwarf;
				ENABLE_STRICT_OBJC_MSGSEND = YES;
				ENABLE_TESTABILITY = YES;
				GCC_C_LANGUAGE_STANDARD = gnu11;
				GCC_DYNAMIC_NO_PIC = NO;
				GCC_NO_COMMON_BLOCKS = YES;
				GCC_OPTIMIZATION_LEVEL = 0;
				GCC_PREPROCESSOR_DEFINITIONS = (
					"DEBUG=1",
					"$(inherited)",
				);
				GCC_WARN_64_TO_32_BIT_CONVERSION = YES;
				GCC_WARN_ABOUT_RETURN_TYPE = YES_ERROR;
				GCC_WARN_UNDECLARED_SELECTOR = YES;
				GCC_WARN_UNINITIALIZED_AUTOS = YES_AGGRESSIVE;
				GCC_WARN_UNUSED_FUNCTION = YES;
				GCC_WARN_UNUSED_VARIABLE = YES;
				IPHONEOS_DEPLOYMENT_TARGET = 15.0;
				MTL_ENABLE_DEBUG_INFO = YES;
				ONLY_ACTIVE_ARCH = YES;
				SDKROOT = iphoneos;
				SWIFT_ACTIVE_COMPILATION_CONDITIONS = DEBUG;
				SWIFT_OPTIMIZATION_LEVEL = "-Onone";
			};
			name = Debug;
		};
		504EC3151FED79650016851F /* Release */ = {
			isa = XCBuildConfiguration;
			buildSettings = {
				ALWAYS_SEARCH_USER_PATHS = NO;
				CLANG_ANALYZER_NONNULL = YES;
				CLANG_ANALYZER_NUMBER_OBJECT_CONVERSION = YES_AGGRESSIVE;
				CLANG_CXX_LANGUAGE_STANDARD = "gnu++14";
				CLANG_CXX_LIBRARY = "libc++";
				CLANG_ENABLE_MODULES = YES;
				CLANG_ENABLE_OBJC_ARC = YES;
				CLANG_WARN_BLOCK_CAPTURE_AUTORELEASING = YES;
				CLANG_WARN_BOOL_CONVERSION = YES;
				CLANG_WARN_COMMA = YES;
				CLANG_WARN_CONSTANT_CONVERSION = YES;
				CLANG_WARN_DIRECT_OBJC_ISA_USAGE = YES_ERROR;
				CLANG_WARN_DOCUMENTATION_COMMENTS = YES;
				CLANG_WARN_EMPTY_BODY = YES;
				CLANG_WARN_ENUM_CONVERSION = YES;
				CLANG_WARN_INFINITE_RECURSION = YES;
				CLANG_WARN_INT_CONVERSION = YES;
				CLANG_WARN_NON_LITERAL_NULL_CONVERSION = YES;
				CLANG_WARN_OBJC_LITERAL_CONVERSION = YES;
				CLANG_WARN_OBJC_ROOT_CLASS = YES_ERROR;
				CLANG_WARN_RANGE_LOOP_ANALYSIS = YES;
				CLANG_WARN_STRICT_PROTOTYPES = YES;
				CLANG_WARN_SUSPICIOUS_MOVE = YES;
				CLANG_WARN_UNGUARDED_AVAILABILITY = YES_AGGRESSIVE;
				CLANG_WARN_UNREACHABLE_CODE = YES;
				CLANG_WARN__DUPLICATE_METHOD_MATCH = YES;
				CODE_SIGN_IDENTITY = "iPhone Developer";
				COPY_PHASE_STRIP = NO;
				DEBUG_INFORMATION_FORMAT = "dwarf-with-dsym";
				ENABLE_NS_ASSERTIONS = NO;
				ENABLE_STRICT_OBJC_MSGSEND = YES;
				GCC_C_LANGUAGE_STANDARD = gnu11;
				GCC_NO_COMMON_BLOCKS = YES;
				GCC_WARN_64_TO_32_BIT_CONVERSION = YES;
				GCC_WARN_ABOUT_RETURN_TYPE = YES_ERROR;
				GCC_WARN_UNDECLARED_SELECTOR = YES;
				GCC_WARN_UNINITIALIZED_AUTOS = YES_AGGRESSIVE;
				GCC_WARN_UNUSED_FUNCTION = YES;
				GCC_WARN_UNUSED_VARIABLE = YES;
				IPHONEOS_DEPLOYMENT_TARGET = 15.0;
				MTL_ENABLE_DEBUG_INFO = NO;
				SDKROOT = iphoneos;
				SWIFT_COMPILATION_MODE = wholemodule;
				SWIFT_OPTIMIZATION_LEVEL = "-O";
				VALIDATE_PRODUCT = YES;
			};
			name = Release;
		};
		504EC3171FED79650016851F /* Debug */ = {
			isa = XCBuildConfiguration;
			baseConfigurationReference = 958DCC722DB07C7200EA8C5F /* debug.xcconfig */;
			buildSettings = {
				ASSETCATALOG_COMPILER_APPICON_NAME = AppIcon;
				CODE_SIGN_ENTITLEMENTS = App/App.entitlements;
				CODE_SIGN_STYLE = Automatic;
				CURRENT_PROJECT_VERSION = 1;
				DEVELOPMENT_TEAM = 2TFKXT6Y99;
				INFOPLIST_FILE = App/Info.plist;
				IPHONEOS_DEPLOYMENT_TARGET = 15.0;
				LD_RUNPATH_SEARCH_PATHS = (
					"$(inherited)",
					"@executable_path/Frameworks",
				);
				MARKETING_VERSION = 1.0;
				OTHER_SWIFT_FLAGS = "$(inherited) \"-D\" \"COCOAPODS\" \"-DDEBUG\"";
				PRODUCT_BUNDLE_IDENTIFIER = com.dibay.app;
				PRODUCT_NAME = "$(TARGET_NAME)";
				SWIFT_ACTIVE_COMPILATION_CONDITIONS = DEBUG;
				SWIFT_VERSION = 5.0;
				TARGETED_DEVICE_FAMILY = "1,2";
			};
			name = Debug;
		};
		504EC3181FED79650016851F /* Release */ = {
			isa = XCBuildConfiguration;
			baseConfigurationReference = C7KAK0202AAA248700AAC8A2 /* release.xcconfig */;
			buildSettings = {
				ASSETCATALOG_COMPILER_APPICON_NAME = AppIcon;
				CODE_SIGN_ENTITLEMENTS = App/App.entitlements;
				CODE_SIGN_STYLE = Automatic;
				CURRENT_PROJECT_VERSION = 1;
				DEVELOPMENT_TEAM = 2TFKXT6Y99;
				INFOPLIST_FILE = App/Info.plist;
				IPHONEOS_DEPLOYMENT_TARGET = 15.0;
				LD_RUNPATH_SEARCH_PATHS = (
					"$(inherited)",
					"@executable_path/Frameworks",
				);
				MARKETING_VERSION = 1.0;
				PRODUCT_BUNDLE_IDENTIFIER = com.dibay.app;
				PRODUCT_NAME = "$(TARGET_NAME)";
				SWIFT_ACTIVE_COMPILATION_CONDITIONS = "";
				SWIFT_VERSION = 5.0;
				TARGETED_DEVICE_FAMILY = "1,2";
			};
			name = Release;
		};
/* End XCBuildConfiguration section */

/* Begin XCConfigurationList section */
		504EC2FF1FED79650016851F /* Build configuration list for PBXProject "App" */ = {
			isa = XCConfigurationList;
			buildConfigurations = (
				504EC3141FED79650016851F /* Debug */,
				504EC3151FED79650016851F /* Release */,
			);
			defaultConfigurationIsVisible = 0;
			defaultConfigurationName = Release;
		};
		504EC3161FED79650016851F /* Build configuration list for PBXNativeTarget "App" */ = {
			isa = XCConfigurationList;
			buildConfigurations = (
				504EC3171FED79650016851F /* Debug */,
				504EC3181FED79650016851F /* Release */,
			);
			defaultConfigurationIsVisible = 0;
			defaultConfigurationName = Release;
		};
/* End XCConfigurationList section */

/* Begin XCLocalSwiftPackageReference section */
		D4C12C0A2AAA248700AAC8A2 /* XCLocalSwiftPackageReference "CapApp-SPM" */ = {
			isa = XCLocalSwiftPackageReference;
			relativePath = "CapApp-SPM";
		};
/* End XCLocalSwiftPackageReference section */

/* Begin XCRemoteSwiftPackageReference section */
		C7AGR0102AAA248700AAC8A2 /* XCRemoteSwiftPackageReference "AgoraRtcEngine_iOS" */ = {
			isa = XCRemoteSwiftPackageReference;
			repositoryURL = "https://github.com/AgoraIO/AgoraRtcEngine_iOS";
			requirement = {
				kind = exactVersion;
				version = 4.6.2;
			};
		};
		C7KAK0102AAA248700AAC8A2 /* XCRemoteSwiftPackageReference "kakao-ios-sdk" */ = {
			isa = XCRemoteSwiftPackageReference;
			repositoryURL = "https://github.com/kakao/kakao-ios-sdk";
			requirement = {
				kind = upToNextMajorVersion;
				minimumVersion = 2.22.0;
			};
		};
/* End XCRemoteSwiftPackageReference section */

/* Begin XCSwiftPackageProductDependency section */
		4D22ABE82AF431CB00220026 /* CapApp-SPM */ = {
			isa = XCSwiftPackageProductDependency;
			package = D4C12C0A2AAA248700AAC8A2 /* XCLocalSwiftPackageReference "CapApp-SPM" */;
			productName = "CapApp-SPM";
		};
		C7AGR0112AF431CB00220026 /* RtcBasic */ = {
			isa = XCSwiftPackageProductDependency;
			package = C7AGR0102AAA248700AAC8A2 /* XCRemoteSwiftPackageReference "AgoraRtcEngine_iOS" */;
			productName = RtcBasic;
		};
		C7KAK0112AF431CB00220026 /* KakaoSDK */ = {
			isa = XCSwiftPackageProductDependency;
			package = C7KAK0102AAA248700AAC8A2 /* XCRemoteSwiftPackageReference "kakao-ios-sdk" */;
			productName = KakaoSDK;
		};
/* End XCSwiftPackageProductDependency section */
	};
	rootObject = 504EC2FC1FED79650016851F /* Project object */;
}
